
Microsoft Visual Studio Solution File, Format Version 12.00
# Visual Studio Version 17
VisualStudioVersion = 17.11.35303.130
MinimumVisualStudioVersion = 10.0.40219.1
Project("{8BC9CEB8-8B4A-11D0-8D11-00A0C91BC942}") = "P01", "P01\P01.vcxproj", "{6A1AB96F-379B-44F6-92D3-598C55954416}"
EndProject
Project("{8BC9CEB8-8B4A-11D0-8D11-00A0C91BC942}") = "P02", "P02\P02.vcxproj", "{832D153E-269A-4264-A0B2-48FB04A51AA9}"
EndProject
Project("{8BC9CEB8-8B4A-11D0-8D11-00A0C91BC942}") = "P03", "P03\P03.vcxproj", "{438F8FD3-ADDB-4B1C-A72E-234B653F8864}"
EndProject
Project("{8BC9CEB8-8B4A-11D0-8D11-00A0C91BC942}") = "P04", "P04\P04.vcxproj", "{078D2424-C0A7-47EA-A8B4-86AA26DBD687}"
EndProject
Project("{8BC9CEB8-8B4A-11D0-8D11-00A0C91BC942}") = "P05", "P05\P05.vcxproj", "{D5EE27BA-2C55-4F0F-AE7D-545B7F70E076}"
EndProject
Project("{8BC9CEB8-8B4A-11D0-8D11-00A0C91BC942}") = "P06", "P06\P06.vcxproj", "{5058A9BD-F889-4E90-BBBC-40770AD663CD}"
EndProject
Project("{8BC9CEB8-8B4A-11D0-8D11-00A0C91BC942}") = "P07", "P07\P07.vcxproj", "{42E85745-7B0C-4582-833B-A64F7487AD78}"
EndProject
Project("{8BC9CEB8-8B4A-11D0-8D11-00A0C91BC942}") = "P08", "P08\P08.vcxproj", "{3BAA74E1-1A39-400F-9F58-8785DF0D1BB4}"
EndProject
Project("{8BC9CEB8-8B4A-11D0-8D11-00A0C91BC942}") = "P09", "P09\P09.vcxproj", "{575D6762-D655-452B-BBCA-9EB6AFD16E60}"
EndProject
Project("{8BC9CEB8-8B4A-11D0-8D11-00A0C91BC942}") = "P10", "P10\P10.vcxproj", "{6C368B88-A19A-4A0B-A24C-01A701B6B201}"
EndProject
Global
	GlobalSection(SolutionConfigurationPlatforms) = preSolution
		Debug|x64 = Debug|x64
		Debug|x86 = Debug|x86
		Release|x64 = Release|x64
		Release|x86 = Release|x86
	EndGlobalSection
	GlobalSection(ProjectConfigurationPlatforms) = postSolution
		{6A1AB96F-379B-44F6-92D3-598C55954416}.Debug|x64.ActiveCfg = Debug|x64
		{6A1AB96F-379B-44F6-92D3-598C55954416}.Debug|x64.Build.0 = Debug|x64
		{6A1AB96F-379B-44F6-92D3-598C55954416}.Debug|x86.ActiveCfg = Debug|Win32
		{6A1AB96F-379B-44F6-92D3-598C55954416}.Debug|x86.Build.0 = Debug|Win32
		{6A1AB96F-379B-44F6-92D3-598C55954416}.Release|x64.ActiveCfg = Release|x64
		{6A1AB96F-379B-44F6-92D3-598C55954416}.Release|x64.Build.0 = Release|x64
		{6A1AB96F-379B-44F6-92D3-598C55954416}.Release|x86.ActiveCfg = Release|Win32
		{6A1AB96F-379B-44F6-92D3-598C55954416}.Release|x86.Build.0 = Release|Win32
		{832D153E-269A-4264-A0B2-48FB04A51AA9}.Debug|x64.ActiveCfg = Debug|x64
		{832D153E-269A-4264-A0B2-48FB04A51AA9}.Debug|x64.Build.0 = Debug|x64
		{832D153E-269A-4264-A0B2-48FB04A51AA9}.Debug|x86.ActiveCfg = Debug|Win32
		{832D153E-269A-4264-A0B2-48FB04A51AA9}.Debug|x86.Build.0 = Debug|Win32
		{832D153E-269A-4264-A0B2-48FB04A51AA9}.Release|x64.ActiveCfg = Release|x64
		{832D153E-269A-4264-A0B2-48FB04A51AA9}.Release|x64.Build.0 = Release|x64
		{832D153E-269A-4264-A0B2-48FB04A51AA9}.Release|x86.ActiveCfg = Release|Win32
		{832D153E-269A-4264-A0B2-48FB04A51AA9}.Release|x86.Build.0 = Release|Win32
		{438F8FD3-ADDB-4B1C-A72E-234B653F8864}.Debug|x64.ActiveCfg = Debug|x64
		{438F8FD3-ADDB-4B1C-A72E-234B653F8864}.Debug|x64.Build.0 = Debug|x64
		{438F8FD3-ADDB-4B1C-A72E-234B653F8864}.Debug|x86.ActiveCfg = Debug|Win32
		{438F8FD3-ADDB-4B1C-A72E-234B653F8864}.Debug|x86.Build.0 = Debug|Win32
		{438F8FD3-ADDB-4B1C-A72E-234B653F8864}.Release|x64.ActiveCfg = Release|x64
		{438F8FD3-ADDB-4B1C-A72E-234B653F8864}.Release|x64.Build.0 = Release|x64
		{438F8FD3-ADDB-4B1C-A72E-234B653F8864}.Release|x86.ActiveCfg = Release|Win32
		{438F8FD3-ADDB-4B1C-A72E-234B653F8864}.Release|x86.Build.0 = Release|Win32
		{078D2424-C0A7-47EA-A8B4-86AA26DBD687}.Debug|x64.ActiveCfg = Debug|x64
		{078D2424-C0A7-47EA-A8B4-86AA26DBD687}.Debug|x64.Build.0 = Debug|x64
		{078D2424-C0A7-47EA-A8B4-86AA26DBD687}.Debug|x86.ActiveCfg = Debug|Win32
		{078D2424-C0A7-47EA-A8B4-86AA26DBD687}.Debug|x86.Build.0 = Debug|Win32
		{078D2424-C0A7-47EA-A8B4-86AA26DBD687}.Release|x64.ActiveCfg = Release|x64
		{078D2424-C0A7-47EA-A8B4-86AA26DBD687}.Release|x64.Build.0 = Release|x64
		{078D2424-C0A7-47EA-A8B4-86AA26DBD687}.Release|x86.ActiveCfg = Release|Win32
		{078D2424-C0A7-47EA-A8B4-86AA26DBD687}.Release|x86.Build.0 = Release|Win32
		{D5EE27BA-2C55-4F0F-AE7D-545B7F70E076}.Debug|x64.ActiveCfg = Debug|x64
		{D5EE27BA-2C55-4F0F-AE7D-545B7F70E076}.Debug|x64.Build.0 = Debug|x64
		{D5EE27BA-2C55-4F0F-AE7D-545B7F70E076}.Debug|x86.ActiveCfg = Debug|Win32
		{D5EE27BA-2C55-4F0F-AE7D-545B7F70E076}.Debug|x86.Build.0 = Debug|Win32
		{D5EE27BA-2C55-4F0F-AE7D-545B7F70E076}.Release|x64.ActiveCfg = Release|x64
		{D5EE27BA-2C55-4F0F-AE7D-545B7F70E076}.Release|x64.Build.0 = Release|x64
		{D5EE27BA-2C55-4F0F-AE7D-545B7F70E076}.Release|x86.ActiveCfg = Release|Win32
		{D5EE27BA-2C55-4F0F-AE7D-545B7F70E076}.Release|x86.Build.0 = Release|Win32
		{5058A9BD-F889-4E90-BBBC-40770AD663CD}.Debug|x64.ActiveCfg = Debug|x64
		{5058A9BD-F889-4E90-BBBC-40770AD663CD}.Debug|x64.Build.0 = Debug|x64
		{5058A9BD-F889-4E90-BBBC-40770AD663CD}.Debug|x86.ActiveCfg = Debug|Win32
		{5058A9BD-F889-4E90-BBBC-40770AD663CD}.Debug|x86.Build.0 = Debug|Win32
		{5058A9BD-F889-4E90-BBBC-40770AD663CD}.Release|x64.ActiveCfg = Release|x64
		{5058A9BD-F889-4E90-BBBC-40770AD663CD}.Release|x64.Build.0 = Release|x64
		{5058A9BD-F889-4E90-BBBC-40770AD663CD}.Release|x86.ActiveCfg = Release|Win32
		{5058A9BD-F889-4E90-BBBC-40770AD663CD}.Release|x86.Build.0 = Release|Win32
		{42E85745-7B0C-4582-833B-A64F7487AD78}.Debug|x64.ActiveCfg = Debug|x64
		{42E85745-7B0C-4582-833B-A64F7487AD78}.Debug|x64.Build.0 = Debug|x64
		{42E85745-7B0C-4582-833B-A64F7487AD78}.Debug|x86.ActiveCfg = Debug|Win32
		{42E85745-7B0C-4582-833B-A64F7487AD78}.Debug|x86.Build.0 = Debug|Win32
		{42E85745-7B0C-4582-833B-A64F7487AD78}.Release|x64.ActiveCfg = Release|x64
		{42E85745-7B0C-4582-833B-A64F7487AD78}.Release|x64.Build.0 = Release|x64
		{42E85745-7B0C-4582-833B-A64F7487AD78}.Release|x86.ActiveCfg = Release|Win32
		{42E85745-7B0C-4582-833B-A64F7487AD78}.Release|x86.Build.0 = Release|Win32
		{3BAA74E1-1A39-400F-9F58-8785DF0D1BB4}.Debug|x64.ActiveCfg = Debug|x64
		{3BAA74E1-1A39-400F-9F58-8785DF0D1BB4}.Debug|x64.Build.0 = Debug|x64
		{3BAA74E1-1A39-400F-9F58-8785DF0D1BB4}.Debug|x86.ActiveCfg = Debug|Win32
		{3BAA74E1-1A39-400F-9F58-8785DF0D1BB4}.Debug|x86.Build.0 = Debug|Win32
		{3BAA74E1-1A39-400F-9F58-8785DF0D1BB4}.Release|x64.ActiveCfg = Release|x64
		{3BAA74E1-1A39-400F-9F58-8785DF0D1BB4}.Release|x64.Build.0 = Release|x64
		{3BAA74E1-1A39-400F-9F58-8785DF0D1BB4}.Release|x86.ActiveCfg = Release|Win32
		{3BAA74E1-1A39-400F-9F58-8785DF0D1BB4}.Release|x86.Build.0 = Release|Win32
		{575D6762-D655-452B-BBCA-9EB6AFD16E60}.Debug|x64.ActiveCfg = Debug|x64
		{575D6762-D655-452B-BBCA-9EB6AFD16E60}.Debug|x64.Build.0 = Debug|x64
		{575D6762-D655-452B-BBCA-9EB6AFD16E60}.Debug|x86.ActiveCfg = Debug|Win32
		{575D6762-D655-452B-BBCA-9EB6AFD16E60}.Debug|x86.Build.0 = Debug|Win32
		{575D6762-D655-452B-BBCA-9EB6AFD16E60}.Release|x64.ActiveCfg = Release|x64
		{575D6762-D655-452B-BBCA-9EB6AFD16E60}.Release|x64.Build.0 = Release|x64
		{575D6762-D655-452B-BBCA-9EB6AFD16E60}.Release|x86.ActiveCfg = Release|Win32
		{575D6762-D655-452B-BBCA-9EB6AFD16E60}.Release|x86.Build.0 = Release|Win32
		{6C368B88-A19A-4A0B-A24C-01A701B6B201}.Debug|x64.ActiveCfg = Debug|x64
		{6C368B88-A19A-4A0B-A24C-01A701B6B201}.Debug|x64.Build.0 = Debug|x64
		{6C368B88-A19A-4A0B-A24C-01A701B6B201}.Debug|x86.ActiveCfg = Debug|Win32
		{6C368B88-A19A-4A0B-A24C-01A701B6B201}.Debug|x86.Build.0 = Debug|Win32
		{6C368B88-A19A-4A0B-A24C-01A701B6B201}.Release|x64.ActiveCfg = Release|x64
		{6C368B88-A19A-4A0B-A24C-01A701B6B201}.Release|x64.Build.0 = Release|x64
		{6C368B88-A19A-4A0B-A24C-01A701B6B201}.Release|x86.ActiveCfg = Release|Win32
		{6C368B88-A19A-4A0B-A24C-01A701B6B201}.Release|x86.Build.0 = Release|Win32
	EndGlobalSection
	GlobalSection(SolutionProperties) = preSolution
		HideSolutionNode = FALSE
	EndGlobalSection
	GlobalSection(ExtensibilityGlobals) = postSolution
		SolutionGuid = {00ECFDD7-8AC2-4328-9C9A-FF0C16AF1B3B}
	EndGlobalSection
EndGlobal
