
Microsoft Visual Studio Solution File, Format Version 12.00
# Visual Studio Version 17
VisualStudioVersion = 17.12.35514.174
MinimumVisualStudioVersion = 10.0.40219.1
Project("{8BC9CEB8-8B4A-11D0-8D11-00A0C91BC942}") = "P01", "P01\P01.vcxproj", "{FC6A498C-333B-4ABD-B16A-D9CB57EB5C1A}"
EndProject
Project("{8BC9CEB8-8B4A-11D0-8D11-00A0C91BC942}") = "P02", "P02\P02.vcxproj", "{9B5BD43C-537E-4E78-A805-F7A6B1041807}"
EndProject
Project("{8BC9CEB8-8B4A-11D0-8D11-00A0C91BC942}") = "P03", "P03\P03.vcxproj", "{8254CF5D-C488-45A9-9995-FFFC88E5B92C}"
EndProject
Project("{2150E333-8FDC-42A3-9474-1A3956D46DE8}") = "Solution Items", "Solution Items", "{E1E6370B-142C-40C3-8842-BAA7E8350E85}"
	ProjectSection(SolutionItems) = preProject
		template.cpp = template.cpp
	EndProjectSection
EndProject
Project("{8BC9CEB8-8B4A-11D0-8D11-00A0C91BC942}") = "P04", "P04\P04.vcxproj", "{AD6245AB-4C18-4C01-B8B2-441478AD3399}"
EndProject
Project("{8BC9CEB8-8B4A-11D0-8D11-00A0C91BC942}") = "P05", "P05\P05.vcxproj", "{A5D07A97-1FBD-4D2D-80D6-96EB3A4474B6}"
EndProject
Project("{8BC9CEB8-8B4A-11D0-8D11-00A0C91BC942}") = "P06", "P06\P06.vcxproj", "{A73E2362-331A-46E0-975E-35C289C61283}"
EndProject
Project("{8BC9CEB8-8B4A-11D0-8D11-00A0C91BC942}") = "P07", "P07\P07.vcxproj", "{209713FE-9A8F-4B96-9720-CCA278241D56}"
EndProject
Project("{8BC9CEB8-8B4A-11D0-8D11-00A0C91BC942}") = "P08", "P08\P08.vcxproj", "{B7E280F3-76D8-44C0-BE9F-86458835AAD1}"
EndProject
Project("{8BC9CEB8-8B4A-11D0-8D11-00A0C91BC942}") = "P09", "P09\P09.vcxproj", "{00556760-E50F-4B39-9F13-A6192A8BA203}"
EndProject
Project("{8BC9CEB8-8B4A-11D0-8D11-00A0C91BC942}") = "P10", "P10\P10.vcxproj", "{FAEBC211-6A0F-4FFC-9ED2-2C6548AB0792}"
EndProject
Project("{8BC9CEB8-8B4A-11D0-8D11-00A0C91BC942}") = "P11", "P11\P11.vcxproj", "{E88F26AE-95E1-4B86-B7CF-DFA12A7D3D8C}"
EndProject
Project("{8BC9CEB8-8B4A-11D0-8D11-00A0C91BC942}") = "P12", "P12\P12.vcxproj", "{2174706F-D5CF-4374-9823-E61058759551}"
EndProject
Project("{8BC9CEB8-8B4A-11D0-8D11-00A0C91BC942}") = "P13", "P13\P13.vcxproj", "{550E147E-7693-4A59-A1EE-5F657608BC1A}"
EndProject
Project("{8BC9CEB8-8B4A-11D0-8D11-00A0C91BC942}") = "P14", "P14\P14.vcxproj", "{EE1F4A9F-18B7-4538-B6A6-6674896F4A31}"
EndProject
Global
	GlobalSection(SolutionConfigurationPlatforms) = preSolution
		Debug|x64 = Debug|x64
		Debug|x86 = Debug|x86
		Release|x64 = Release|x64
		Release|x86 = Release|x86
	EndGlobalSection
	GlobalSection(ProjectConfigurationPlatforms) = postSolution
		{FC6A498C-333B-4ABD-B16A-D9CB57EB5C1A}.Debug|x64.ActiveCfg = Debug|x64
		{FC6A498C-333B-4ABD-B16A-D9CB57EB5C1A}.Debug|x64.Build.0 = Debug|x64
		{FC6A498C-333B-4ABD-B16A-D9CB57EB5C1A}.Debug|x86.ActiveCfg = Debug|Win32
		{FC6A498C-333B-4ABD-B16A-D9CB57EB5C1A}.Debug|x86.Build.0 = Debug|Win32
		{FC6A498C-333B-4ABD-B16A-D9CB57EB5C1A}.Release|x64.ActiveCfg = Release|x64
		{FC6A498C-333B-4ABD-B16A-D9CB57EB5C1A}.Release|x64.Build.0 = Release|x64
		{FC6A498C-333B-4ABD-B16A-D9CB57EB5C1A}.Release|x86.ActiveCfg = Release|Win32
		{FC6A498C-333B-4ABD-B16A-D9CB57EB5C1A}.Release|x86.Build.0 = Release|Win32
		{9B5BD43C-537E-4E78-A805-F7A6B1041807}.Debug|x64.ActiveCfg = Debug|x64
		{9B5BD43C-537E-4E78-A805-F7A6B1041807}.Debug|x64.Build.0 = Debug|x64
		{9B5BD43C-537E-4E78-A805-F7A6B1041807}.Debug|x86.ActiveCfg = Debug|Win32
		{9B5BD43C-537E-4E78-A805-F7A6B1041807}.Debug|x86.Build.0 = Debug|Win32
		{9B5BD43C-537E-4E78-A805-F7A6B1041807}.Release|x64.ActiveCfg = Release|x64
		{9B5BD43C-537E-4E78-A805-F7A6B1041807}.Release|x64.Build.0 = Release|x64
		{9B5BD43C-537E-4E78-A805-F7A6B1041807}.Release|x86.ActiveCfg = Release|Win32
		{9B5BD43C-537E-4E78-A805-F7A6B1041807}.Release|x86.Build.0 = Release|Win32
		{8254CF5D-C488-45A9-9995-FFFC88E5B92C}.Debug|x64.ActiveCfg = Debug|x64
		{8254CF5D-C488-45A9-9995-FFFC88E5B92C}.Debug|x64.Build.0 = Debug|x64
		{8254CF5D-C488-45A9-9995-FFFC88E5B92C}.Debug|x86.ActiveCfg = Debug|Win32
		{8254CF5D-C488-45A9-9995-FFFC88E5B92C}.Debug|x86.Build.0 = Debug|Win32
		{8254CF5D-C488-45A9-9995-FFFC88E5B92C}.Release|x64.ActiveCfg = Release|x64
		{8254CF5D-C488-45A9-9995-FFFC88E5B92C}.Release|x64.Build.0 = Release|x64
		{8254CF5D-C488-45A9-9995-FFFC88E5B92C}.Release|x86.ActiveCfg = Release|Win32
		{8254CF5D-C488-45A9-9995-FFFC88E5B92C}.Release|x86.Build.0 = Release|Win32
		{AD6245AB-4C18-4C01-B8B2-441478AD3399}.Debug|x64.ActiveCfg = Debug|x64
		{AD6245AB-4C18-4C01-B8B2-441478AD3399}.Debug|x64.Build.0 = Debug|x64
		{AD6245AB-4C18-4C01-B8B2-441478AD3399}.Debug|x86.ActiveCfg = Debug|Win32
		{AD6245AB-4C18-4C01-B8B2-441478AD3399}.Debug|x86.Build.0 = Debug|Win32
		{AD6245AB-4C18-4C01-B8B2-441478AD3399}.Release|x64.ActiveCfg = Release|x64
		{AD6245AB-4C18-4C01-B8B2-441478AD3399}.Release|x64.Build.0 = Release|x64
		{AD6245AB-4C18-4C01-B8B2-441478AD3399}.Release|x86.ActiveCfg = Release|Win32
		{AD6245AB-4C18-4C01-B8B2-441478AD3399}.Release|x86.Build.0 = Release|Win32
		{A5D07A97-1FBD-4D2D-80D6-96EB3A4474B6}.Debug|x64.ActiveCfg = Debug|x64
		{A5D07A97-1FBD-4D2D-80D6-96EB3A4474B6}.Debug|x64.Build.0 = Debug|x64
		{A5D07A97-1FBD-4D2D-80D6-96EB3A4474B6}.Debug|x86.ActiveCfg = Debug|Win32
		{A5D07A97-1FBD-4D2D-80D6-96EB3A4474B6}.Debug|x86.Build.0 = Debug|Win32
		{A5D07A97-1FBD-4D2D-80D6-96EB3A4474B6}.Release|x64.ActiveCfg = Release|x64
		{A5D07A97-1FBD-4D2D-80D6-96EB3A4474B6}.Release|x64.Build.0 = Release|x64
		{A5D07A97-1FBD-4D2D-80D6-96EB3A4474B6}.Release|x86.ActiveCfg = Release|Win32
		{A5D07A97-1FBD-4D2D-80D6-96EB3A4474B6}.Release|x86.Build.0 = Release|Win32
		{A73E2362-331A-46E0-975E-35C289C61283}.Debug|x64.ActiveCfg = Debug|x64
		{A73E2362-331A-46E0-975E-35C289C61283}.Debug|x64.Build.0 = Debug|x64
		{A73E2362-331A-46E0-975E-35C289C61283}.Debug|x86.ActiveCfg = Debug|Win32
		{A73E2362-331A-46E0-975E-35C289C61283}.Debug|x86.Build.0 = Debug|Win32
		{A73E2362-331A-46E0-975E-35C289C61283}.Release|x64.ActiveCfg = Release|x64
		{A73E2362-331A-46E0-975E-35C289C61283}.Release|x64.Build.0 = Release|x64
		{A73E2362-331A-46E0-975E-35C289C61283}.Release|x86.ActiveCfg = Release|Win32
		{A73E2362-331A-46E0-975E-35C289C61283}.Release|x86.Build.0 = Release|Win32
		{209713FE-9A8F-4B96-9720-CCA278241D56}.Debug|x64.ActiveCfg = Debug|x64
		{209713FE-9A8F-4B96-9720-CCA278241D56}.Debug|x64.Build.0 = Debug|x64
		{209713FE-9A8F-4B96-9720-CCA278241D56}.Debug|x86.ActiveCfg = Debug|Win32
		{209713FE-9A8F-4B96-9720-CCA278241D56}.Debug|x86.Build.0 = Debug|Win32
		{209713FE-9A8F-4B96-9720-CCA278241D56}.Release|x64.ActiveCfg = Release|x64
		{209713FE-9A8F-4B96-9720-CCA278241D56}.Release|x64.Build.0 = Release|x64
		{209713FE-9A8F-4B96-9720-CCA278241D56}.Release|x86.ActiveCfg = Release|Win32
		{209713FE-9A8F-4B96-9720-CCA278241D56}.Release|x86.Build.0 = Release|Win32
		{B7E280F3-76D8-44C0-BE9F-86458835AAD1}.Debug|x64.ActiveCfg = Debug|x64
		{B7E280F3-76D8-44C0-BE9F-86458835AAD1}.Debug|x64.Build.0 = Debug|x64
		{B7E280F3-76D8-44C0-BE9F-86458835AAD1}.Debug|x86.ActiveCfg = Debug|Win32
		{B7E280F3-76D8-44C0-BE9F-86458835AAD1}.Debug|x86.Build.0 = Debug|Win32
		{B7E280F3-76D8-44C0-BE9F-86458835AAD1}.Release|x64.ActiveCfg = Release|x64
		{B7E280F3-76D8-44C0-BE9F-86458835AAD1}.Release|x64.Build.0 = Release|x64
		{B7E280F3-76D8-44C0-BE9F-86458835AAD1}.Release|x86.ActiveCfg = Release|Win32
		{B7E280F3-76D8-44C0-BE9F-86458835AAD1}.Release|x86.Build.0 = Release|Win32
		{00556760-E50F-4B39-9F13-A6192A8BA203}.Debug|x64.ActiveCfg = Debug|x64
		{00556760-E50F-4B39-9F13-A6192A8BA203}.Debug|x64.Build.0 = Debug|x64
		{00556760-E50F-4B39-9F13-A6192A8BA203}.Debug|x86.ActiveCfg = Debug|Win32
		{00556760-E50F-4B39-9F13-A6192A8BA203}.Debug|x86.Build.0 = Debug|Win32
		{00556760-E50F-4B39-9F13-A6192A8BA203}.Release|x64.ActiveCfg = Release|x64
		{00556760-E50F-4B39-9F13-A6192A8BA203}.Release|x64.Build.0 = Release|x64
		{00556760-E50F-4B39-9F13-A6192A8BA203}.Release|x86.ActiveCfg = Release|Win32
		{00556760-E50F-4B39-9F13-A6192A8BA203}.Release|x86.Build.0 = Release|Win32
		{FAEBC211-6A0F-4FFC-9ED2-2C6548AB0792}.Debug|x64.ActiveCfg = Debug|x64
		{FAEBC211-6A0F-4FFC-9ED2-2C6548AB0792}.Debug|x64.Build.0 = Debug|x64
		{FAEBC211-6A0F-4FFC-9ED2-2C6548AB0792}.Debug|x86.ActiveCfg = Debug|Win32
		{FAEBC211-6A0F-4FFC-9ED2-2C6548AB0792}.Debug|x86.Build.0 = Debug|Win32
		{FAEBC211-6A0F-4FFC-9ED2-2C6548AB0792}.Release|x64.ActiveCfg = Release|x64
		{FAEBC211-6A0F-4FFC-9ED2-2C6548AB0792}.Release|x64.Build.0 = Release|x64
		{FAEBC211-6A0F-4FFC-9ED2-2C6548AB0792}.Release|x86.ActiveCfg = Release|Win32
		{FAEBC211-6A0F-4FFC-9ED2-2C6548AB0792}.Release|x86.Build.0 = Release|Win32
		{E88F26AE-95E1-4B86-B7CF-DFA12A7D3D8C}.Debug|x64.ActiveCfg = Debug|x64
		{E88F26AE-95E1-4B86-B7CF-DFA12A7D3D8C}.Debug|x64.Build.0 = Debug|x64
		{E88F26AE-95E1-4B86-B7CF-DFA12A7D3D8C}.Debug|x86.ActiveCfg = Debug|Win32
		{E88F26AE-95E1-4B86-B7CF-DFA12A7D3D8C}.Debug|x86.Build.0 = Debug|Win32
		{E88F26AE-95E1-4B86-B7CF-DFA12A7D3D8C}.Release|x64.ActiveCfg = Release|x64
		{E88F26AE-95E1-4B86-B7CF-DFA12A7D3D8C}.Release|x64.Build.0 = Release|x64
		{E88F26AE-95E1-4B86-B7CF-DFA12A7D3D8C}.Release|x86.ActiveCfg = Release|Win32
		{E88F26AE-95E1-4B86-B7CF-DFA12A7D3D8C}.Release|x86.Build.0 = Release|Win32
		{2174706F-D5CF-4374-9823-E61058759551}.Debug|x64.ActiveCfg = Debug|x64
		{2174706F-D5CF-4374-9823-E61058759551}.Debug|x64.Build.0 = Debug|x64
		{2174706F-D5CF-4374-9823-E61058759551}.Debug|x86.ActiveCfg = Debug|Win32
		{2174706F-D5CF-4374-9823-E61058759551}.Debug|x86.Build.0 = Debug|Win32
		{2174706F-D5CF-4374-9823-E61058759551}.Release|x64.ActiveCfg = Release|x64
		{2174706F-D5CF-4374-9823-E61058759551}.Release|x64.Build.0 = Release|x64
		{2174706F-D5CF-4374-9823-E61058759551}.Release|x86.ActiveCfg = Release|Win32
		{2174706F-D5CF-4374-9823-E61058759551}.Release|x86.Build.0 = Release|Win32
		{550E147E-7693-4A59-A1EE-5F657608BC1A}.Debug|x64.ActiveCfg = Debug|x64
		{550E147E-7693-4A59-A1EE-5F657608BC1A}.Debug|x64.Build.0 = Debug|x64
		{550E147E-7693-4A59-A1EE-5F657608BC1A}.Debug|x86.ActiveCfg = Debug|Win32
		{550E147E-7693-4A59-A1EE-5F657608BC1A}.Debug|x86.Build.0 = Debug|Win32
		{550E147E-7693-4A59-A1EE-5F657608BC1A}.Release|x64.ActiveCfg = Release|x64
		{550E147E-7693-4A59-A1EE-5F657608BC1A}.Release|x64.Build.0 = Release|x64
		{550E147E-7693-4A59-A1EE-5F657608BC1A}.Release|x86.ActiveCfg = Release|Win32
		{550E147E-7693-4A59-A1EE-5F657608BC1A}.Release|x86.Build.0 = Release|Win32
		{EE1F4A9F-18B7-4538-B6A6-6674896F4A31}.Debug|x64.ActiveCfg = Debug|x64
		{EE1F4A9F-18B7-4538-B6A6-6674896F4A31}.Debug|x64.Build.0 = Debug|x64
		{EE1F4A9F-18B7-4538-B6A6-6674896F4A31}.Debug|x86.ActiveCfg = Debug|Win32
		{EE1F4A9F-18B7-4538-B6A6-6674896F4A31}.Debug|x86.Build.0 = Debug|Win32
		{EE1F4A9F-18B7-4538-B6A6-6674896F4A31}.Release|x64.ActiveCfg = Release|x64
		{EE1F4A9F-18B7-4538-B6A6-6674896F4A31}.Release|x64.Build.0 = Release|x64
		{EE1F4A9F-18B7-4538-B6A6-6674896F4A31}.Release|x86.ActiveCfg = Release|Win32
		{EE1F4A9F-18B7-4538-B6A6-6674896F4A31}.Release|x86.Build.0 = Release|Win32
	EndGlobalSection
	GlobalSection(SolutionProperties) = preSolution
		HideSolutionNode = FALSE
	EndGlobalSection
EndGlobal
